
Microsoft Visual Studio Solution File, Format Version 12.00
# Visual Studio Version 17
VisualStudioVersion = 17.11.35327.3
MinimumVisualStudioVersion = 10.0.40219.1
Project("{FAE04EC0-301F-11D3-BF4B-00C04F79EFBC}") = "p-1_Delphi to C_sharp", "p-1_Delphi to C_sharp.csproj", "{C782EE83-37C3-4438-8BF6-458E7A9B9D49}"
EndProject
Global
	GlobalSection(SolutionConfigurationPlatforms) = preSolution
		Debug|Any CPU = Debug|Any CPU
		Release|Any CPU = Release|Any CPU
	EndGlobalSection
	GlobalSection(ProjectConfigurationPlatforms) = postSolution
		{C782EE83-37C3-4438-8BF6-458E7A9B9D49}.Debug|Any CPU.ActiveCfg = Debug|Any CPU
		{C782EE83-37C3-4438-8BF6-458E7A9B9D49}.Debug|Any CPU.Build.0 = Debug|Any CPU
		{C782EE83-37C3-4438-8BF6-458E7A9B9D49}.Release|Any CPU.ActiveCfg = Release|Any CPU
		{C782EE83-37C3-4438-8BF6-458E7A9B9D49}.Release|Any CPU.Build.0 = Release|Any CPU
	EndGlobalSection
	GlobalSection(SolutionProperties) = preSolution
		HideSolutionNode = FALSE
	EndGlobalSection
	GlobalSection(ExtensibilityGlobals) = postSolution
		SolutionGuid = {99B83244-2EF9-42F0-9BF2-556D94E6E8EF}
	EndGlobalSection
EndGlobal
